<?xml version="1.0" encoding="utf-8"?>
<Project ToolsVersion="4.0" xmlns="http://schemas.microsoft.com/developer/msbuild/2003">
  <ItemGroup>
    <Filter Include="Source Files">
      <UniqueIdentifier>{4FC737F1-C7A5-4376-A066-2A32D752A2FF}</UniqueIdentifier>
      <Extensions>qml;cpp;c;cc;cxx;def;odl;idl;hpj;bat;asm;asmx</Extensions>
    </Filter>
    <Filter Include="Header Files">
      <UniqueIdentifier>{93995380-89BD-4b04-88EB-625FBE52EBFB}</UniqueIdentifier>
      <Extensions>h;hh;hpp;hxx;hm;inl;inc;xsd</Extensions>
    </Filter>
    <Filter Include="Resource Files">
      <UniqueIdentifier>{67DA6AB6-F800-4c08-8B7A-83BB121AAD01}</UniqueIdentifier>
      <Extensions>qrc;rc;ico;cur;bmp;dlg;rc2;rct;bin;rgs;gif;jpg;jpeg;jpe;resx;tiff;tif;png;wav;mfcribbon-ms</Extensions>
    </Filter>
    <Filter Include="Form Files">
      <UniqueIdentifier>{99349809-55BA-4b9d-BF79-8FDBB0286EB3}</UniqueIdentifier>
      <Extensions>ui</Extensions>
    </Filter>
    <Filter Include="Translation Files">
      <UniqueIdentifier>{639EADAA-A684-42e4-A9AD-28FC9BCB8F7C}</UniqueIdentifier>
      <Extensions>ts</Extensions>
    </Filter>
  </ItemGroup>
  <ItemGroup>
    <ClCompile Include="main.cpp">
      <Filter>Source Files</Filter>
    </ClCompile>
    <ClCompile Include="helpers\qt\xml.cpp">
      <Filter>Source Files</Filter>
    </ClCompile>
    <ClCompile Include="util\html.cpp">
      <Filter>Source Files</Filter>
    </ClCompile>
    <ClCompile Include="content\api_method.cpp">
      <Filter>Source Files</Filter>
    </ClCompile>
    <ClCompile Include="content\api_type.cpp">
      <Filter>Source Files</Filter>
    </ClCompile>
    <ClCompile Include="content\base.cpp">
      <Filter>Source Files</Filter>
    </ClCompile>
    <ClCompile Include="content\registry.cpp">
      <Filter>Source Files</Filter>
    </ClCompile>
    <ClCompile Include="content\page_template.cpp">
      <Filter>Source Files</Filter>
    </ClCompile>
    <ClCompile Include="util\minimize_indent.cpp">
      <Filter>Source Files</Filter>
    </ClCompile>
    <ClCompile Include="util\megalo_syntax_highlight.cpp">
      <Filter>Source Files</Filter>
    </ClCompile>
    <ClCompile Include="util\link_fixup.cpp">
      <Filter>Source Files</Filter>
    </ClCompile>
    <ClCompile Include="content\api_accessor.cpp">
      <Filter>Source Files</Filter>
    </ClCompile>
    <ClCompile Include="content\api_property.cpp">
      <Filter>Source Files</Filter>
    </ClCompile>
    <ClCompile Include="content\api_namespace.cpp">
      <Filter>Source Files</Filter>
    </ClCompile>
    <ClCompile Include="content\api_namespace_member.cpp">
      <Filter>Source Files</Filter>
    </ClCompile>
    <ClCompile Include="content\category.cpp">
      <Filter>Source Files</Filter>
    </ClCompile>
    <ClCompile Include="content\api_parent_object.cpp">
      <Filter>Source Files</Filter>
    </ClCompile>
    <ClCompile Include="helpers\qt\xml_stream_reader_to_dom.cpp">
      <Filter>Source Files</Filter>
    </ClCompile>
    <ClCompile Include="helpers\qt\xml_html_entity_resolver.cpp">
      <Filter>Source Files</Filter>
    </ClCompile>
    <ClCompile Include="helpers\all_html_entities.cpp">
      <Filter>Source Files</Filter>
    </ClCompile>
    <ClCompile Include="ui\FilePicker.cpp">
      <Filter>Source Files</Filter>
    </ClCompile>
    <ClCompile Include="ui\MainWindow.cpp">
      <Filter>Source Files</Filter>
    </ClCompile>
  </ItemGroup>
  <ItemGroup>
    <ClInclude Include="helpers\passkey.h">
      <Filter>Header Files</Filter>
    </ClInclude>
    <ClInclude Include="helpers\qt\xml.h">
      <Filter>Header Files</Filter>
    </ClInclude>
    <ClInclude Include="util\html.h">
      <Filter>Header Files</Filter>
    </ClInclude>
    <ClInclude Include="content\api_method.h">
      <Filter>Header Files</Filter>
    </ClInclude>
    <ClInclude Include="content\api_type.h">
      <Filter>Header Files</Filter>
    </ClInclude>
    <ClInclude Include="content\base.h">
      <Filter>Header Files</Filter>
    </ClInclude>
    <ClInclude Include="content\registry.h">
      <Filter>Header Files</Filter>
    </ClInclude>
    <ClInclude Include="content\page_template.h">
      <Filter>Header Files</Filter>
    </ClInclude>
    <ClInclude Include="util\minimize_indent.h">
      <Filter>Header Files</Filter>
    </ClInclude>
    <ClInclude Include="util\megalo_syntax_highlight.h">
      <Filter>Header Files</Filter>
    </ClInclude>
    <ClInclude Include="util\link_fixup.h">
      <Filter>Header Files</Filter>
    </ClInclude>
    <ClInclude Include="content\api_accessor.h">
      <Filter>Header Files</Filter>
    </ClInclude>
    <ClInclude Include="content\api_property.h">
      <Filter>Header Files</Filter>
    </ClInclude>
    <ClInclude Include="content\api_namespace.h">
      <Filter>Header Files</Filter>
    </ClInclude>
    <ClInclude Include="content\api_namespace_member.h">
      <Filter>Header Files</Filter>
    </ClInclude>
    <ClInclude Include="helpers\qt\save_file_to.h">
      <Filter>Header Files</Filter>
    </ClInclude>
    <ClInclude Include="content\category.h">
      <Filter>Header Files</Filter>
    </ClInclude>
    <ClInclude Include="content\api_parent_object.h">
      <Filter>Header Files</Filter>
    </ClInclude>
    <ClInclude Include="helpers\qt\xml_stream_reader_to_dom.h">
      <Filter>Header Files</Filter>
    </ClInclude>
    <ClInclude Include="helpers\qt\xml_html_entity_resolver.h">
      <Filter>Header Files</Filter>
    </ClInclude>
    <ClInclude Include="helpers\all_html_entities.h">
      <Filter>Header Files</Filter>
    </ClInclude>
    <ClInclude Include="util\strip_html.h">
      <Filter>Header Files</Filter>
    </ClInclude>
  </ItemGroup>
  <ItemGroup>
    <QtMoc Include="ui\FilePicker.h">
      <Filter>Header Files</Filter>
    </QtMoc>
    <QtMoc Include="ui\MainWindow.h">
      <Filter>Header Files</Filter>
    </QtMoc>
  </ItemGroup>
</Project>