<?xml version="1.0" encoding="utf-8"?>
<Project ToolsVersion="4.0" xmlns="http://schemas.microsoft.com/developer/msbuild/2003">
  <ItemGroup>
    <Filter Include="Source Files">
      <UniqueIdentifier>{4FC737F1-C7A5-4376-A066-2A32D752A2FF}</UniqueIdentifier>
      <Extensions>cpp;c;cc;cxx;def;odl;idl;hpj;bat;asm;asmx</Extensions>
    </Filter>
    <Filter Include="Header Files">
      <UniqueIdentifier>{93995380-89BD-4b04-88EB-625FBE52EBFB}</UniqueIdentifier>
      <Extensions>h;hh;hpp;hxx;hm;inl;inc;xsd</Extensions>
    </Filter>
    <Filter Include="Resource Files">
      <UniqueIdentifier>{D9D6E242-F8AF-46E4-B9FD-80ECBC20BA3E}</UniqueIdentifier>
      <Extensions>qrc;*</Extensions>
      <ParseFiles>false</ParseFiles>
    </Filter>
    <Filter Include="Form Files">
      <UniqueIdentifier>{99349809-55BA-4b9d-BF79-8FDBB0286EB3}</UniqueIdentifier>
      <Extensions>ui</Extensions>
    </Filter>
    <Filter Include="Resource Files">
      <UniqueIdentifier>{D9D6E242-F8AF-46E4-B9FD-80ECBC20BA3E}</UniqueIdentifier>
      <Extensions>qrc;*</Extensions>
      <ParseFiles>false</ParseFiles>
    </Filter>
  </ItemGroup>
  <ItemGroup>
    <ClCompile Include="main.cpp">
      <Filter>Source Files</Filter>
    </ClCompile>
    <ClCompile Include="ReachVariantTool.cpp">
      <Filter>Source Files</Filter>
    </ClCompile>
    <ClCompile Include="formats\block.cpp">
      <Filter>Source Files</Filter>
    </ClCompile>
    <ClCompile Include="formats\content_author.cpp">
      <Filter>Source Files</Filter>
    </ClCompile>
    <ClCompile Include="formats\localized_string_table.cpp">
      <Filter>Source Files</Filter>
    </ClCompile>
    <ClCompile Include="game_variants\megalo\opcode_arg_types\all_enums.cpp">
      <Filter>Source Files</Filter>
    </ClCompile>
    <ClCompile Include="game_variants\megalo\opcode_arg_types\all_flags.cpp">
      <Filter>Source Files</Filter>
    </ClCompile>
    <ClCompile Include="game_variants\megalo\opcode_arg_types\object.cpp">
      <Filter>Source Files</Filter>
    </ClCompile>
    <ClCompile Include="game_variants\megalo\opcode_arg_types\player.cpp">
      <Filter>Source Files</Filter>
    </ClCompile>
    <ClCompile Include="game_variants\megalo\opcode_arg_types\scalar.cpp">
      <Filter>Source Files</Filter>
    </ClCompile>
    <ClCompile Include="game_variants\megalo\opcode_arg_types\team.cpp">
      <Filter>Source Files</Filter>
    </ClCompile>
    <ClCompile Include="game_variants\megalo\opcode_arg_types\timer.cpp">
      <Filter>Source Files</Filter>
    </ClCompile>
    <ClCompile Include="game_variants\megalo\opcode_arg_types\waypoint_icon.cpp">
      <Filter>Source Files</Filter>
    </ClCompile>
    <ClCompile Include="game_variants\megalo\actions.cpp">
      <Filter>Source Files</Filter>
    </ClCompile>
    <ClCompile Include="game_variants\megalo\conditions.cpp">
      <Filter>Source Files</Filter>
    </ClCompile>
    <ClCompile Include="game_variants\megalo\enums.cpp">
      <Filter>Source Files</Filter>
    </ClCompile>
    <ClCompile Include="game_variants\megalo\forge_label.cpp">
      <Filter>Source Files</Filter>
    </ClCompile>
    <ClCompile Include="game_variants\megalo\opcode_arg.cpp">
      <Filter>Source Files</Filter>
    </ClCompile>
    <ClCompile Include="game_variants\megalo\parse_error_reporting.cpp">
      <Filter>Source Files</Filter>
    </ClCompile>
    <ClCompile Include="game_variants\megalo\trigger.cpp">
      <Filter>Source Files</Filter>
    </ClCompile>
    <ClCompile Include="game_variants\megalo\variables_and_scopes.cpp">
      <Filter>Source Files</Filter>
    </ClCompile>
    <ClCompile Include="game_variants\base.cpp">
      <Filter>Source Files</Filter>
    </ClCompile>
    <ClCompile Include="game_variants\loadouts.cpp">
      <Filter>Source Files</Filter>
    </ClCompile>
    <ClCompile Include="game_variants\megalo_game_stats.cpp">
      <Filter>Source Files</Filter>
    </ClCompile>
    <ClCompile Include="game_variants\megalo_options.cpp">
      <Filter>Source Files</Filter>
    </ClCompile>
    <ClCompile Include="game_variants\player_traits.cpp">
      <Filter>Source Files</Filter>
    </ClCompile>
    <ClCompile Include="helpers\bitreader.cpp">
      <Filter>Source Files</Filter>
    </ClCompile>
    <ClCompile Include="helpers\bitwriter.cpp">
      <Filter>Source Files</Filter>
    </ClCompile>
    <ClCompile Include="helpers\bytereader.cpp">
      <Filter>Source Files</Filter>
    </ClCompile>
    <ClCompile Include="helpers\bytewriter.cpp">
      <Filter>Source Files</Filter>
    </ClCompile>
    <ClCompile Include="helpers\endianness.cpp">
      <Filter>Source Files</Filter>
    </ClCompile>
    <ClCompile Include="helpers\files.cpp">
      <Filter>Source Files</Filter>
    </ClCompile>
    <ClCompile Include="helpers\sha1.cpp">
      <Filter>Source Files</Filter>
    </ClCompile>
    <ClCompile Include="helpers\stream.cpp">
      <Filter>Source Files</Filter>
    </ClCompile>
    <ClCompile Include="helpers\strings.cpp">
      <Filter>Source Files</Filter>
    </ClCompile>
    <ClCompile Include="ui\ProgramOptionsDialog.cpp">
      <Filter>Source Files</Filter>
    </ClCompile>
  </ItemGroup>
  <ItemGroup>
    <QtMoc Include="ReachVariantTool.h">
      <Filter>Header Files</Filter>
    </QtMoc>
    <QtMoc Include="ProgramOptionsDialog.h">
      <Filter>Header Files</Filter>
    </QtMoc>
  </ItemGroup>
  <ItemGroup>
    <QtUic Include="ReachVariantTool.ui">
      <Filter>Form Files</Filter>
    </QtUic>
    <QtUic Include="ProgramOptionsDialog.ui">
      <Filter>Form Files</Filter>
    </QtUic>
  </ItemGroup>
  <ItemGroup>
    <QtRcc Include="ReachVariantTool.qrc">
      <Filter>Resource Files</Filter>
    </QtRcc>
  </ItemGroup>
  <ItemGroup>
    <ResourceCompile Include="ReachVariantTool.rc" />
  </ItemGroup>
  <ItemGroup>
    <ClInclude Include="formats\bitset.h">
      <Filter>Header Files</Filter>
    </ClInclude>
    <ClInclude Include="formats\block.h">
      <Filter>Header Files</Filter>
    </ClInclude>
    <ClInclude Include="formats\compressed_float.h">
      <Filter>Header Files</Filter>
    </ClInclude>
    <ClInclude Include="formats\content_author.h">
      <Filter>Header Files</Filter>
    </ClInclude>
    <ClInclude Include="formats\localized_string_table.h">
      <Filter>Header Files</Filter>
    </ClInclude>
    <ClInclude Include="formats\sha1.h">
      <Filter>Header Files</Filter>
    </ClInclude>
    <ClInclude Include="game_variants\megalo\opcode_arg_types\all.h">
      <Filter>Header Files</Filter>
    </ClInclude>
    <ClInclude Include="game_variants\megalo\opcode_arg_types\all_constants.h">
      <Filter>Header Files</Filter>
    </ClInclude>
    <ClInclude Include="game_variants\megalo\opcode_arg_types\all_enums.h">
      <Filter>Header Files</Filter>
    </ClInclude>
    <ClInclude Include="game_variants\megalo\opcode_arg_types\all_flags.h">
      <Filter>Header Files</Filter>
    </ClInclude>
    <ClInclude Include="game_variants\megalo\opcode_arg_types\all_indices.h">
      <Filter>Header Files</Filter>
    </ClInclude>
    <ClInclude Include="game_variants\megalo\opcode_arg_types\object.h">
      <Filter>Header Files</Filter>
    </ClInclude>
    <ClInclude Include="game_variants\megalo\opcode_arg_types\player.h">
      <Filter>Header Files</Filter>
    </ClInclude>
    <ClInclude Include="game_variants\megalo\opcode_arg_types\player_set.h">
      <Filter>Header Files</Filter>
    </ClInclude>
    <ClInclude Include="game_variants\megalo\opcode_arg_types\scalar.h">
      <Filter>Header Files</Filter>
    </ClInclude>
    <ClInclude Include="game_variants\megalo\opcode_arg_types\shape.h">
      <Filter>Header Files</Filter>
    </ClInclude>
    <ClInclude Include="game_variants\megalo\opcode_arg_types\specific_variable.h">
      <Filter>Header Files</Filter>
    </ClInclude>
    <ClInclude Include="game_variants\megalo\opcode_arg_types\team.h">
      <Filter>Header Files</Filter>
    </ClInclude>
    <ClInclude Include="game_variants\megalo\opcode_arg_types\timer.h">
      <Filter>Header Files</Filter>
    </ClInclude>
    <ClInclude Include="game_variants\megalo\opcode_arg_types\tokens.h">
      <Filter>Header Files</Filter>
    </ClInclude>
    <ClInclude Include="game_variants\megalo\opcode_arg_types\vector3.h">
      <Filter>Header Files</Filter>
    </ClInclude>
    <ClInclude Include="game_variants\megalo\opcode_arg_types\waypoint_icon.h">
      <Filter>Header Files</Filter>
    </ClInclude>
    <ClInclude Include="game_variants\megalo\opcode_arg_types\widget_related.h">
      <Filter>Header Files</Filter>
    </ClInclude>
    <ClInclude Include="game_variants\megalo\actions.h">
      <Filter>Header Files</Filter>
    </ClInclude>
    <ClInclude Include="game_variants\megalo\conditions.h">
      <Filter>Header Files</Filter>
    </ClInclude>
    <ClInclude Include="game_variants\megalo\enums.h">
      <Filter>Header Files</Filter>
    </ClInclude>
    <ClInclude Include="game_variants\megalo\forge_label.h">
      <Filter>Header Files</Filter>
    </ClInclude>
    <ClInclude Include="game_variants\megalo\limits.h">
      <Filter>Header Files</Filter>
    </ClInclude>
    <ClInclude Include="game_variants\megalo\limits_bitnumbers.h">
      <Filter>Header Files</Filter>
    </ClInclude>
    <ClInclude Include="game_variants\megalo\opcode_arg.h">
      <Filter>Header Files</Filter>
    </ClInclude>
    <ClInclude Include="game_variants\megalo\parse_error_reporting.h">
      <Filter>Header Files</Filter>
    </ClInclude>
    <ClInclude Include="game_variants\megalo\trigger.h">
      <Filter>Header Files</Filter>
    </ClInclude>
    <ClInclude Include="game_variants\megalo\variable_declarations.h">
      <Filter>Header Files</Filter>
    </ClInclude>
    <ClInclude Include="game_variants\megalo\variables_and_scopes.h">
      <Filter>Header Files</Filter>
    </ClInclude>
    <ClInclude Include="game_variants\megalo\widgets.h">
      <Filter>Header Files</Filter>
    </ClInclude>
    <ClInclude Include="game_variants\base.h">
      <Filter>Header Files</Filter>
    </ClInclude>
    <ClInclude Include="game_variants\loadouts.h">
      <Filter>Header Files</Filter>
    </ClInclude>
    <ClInclude Include="game_variants\map_permissions.h">
      <Filter>Header Files</Filter>
    </ClInclude>
    <ClInclude Include="game_variants\megalo_game_stats.h">
      <Filter>Header Files</Filter>
    </ClInclude>
    <ClInclude Include="game_variants\megalo_options.h">
      <Filter>Header Files</Filter>
    </ClInclude>
    <ClInclude Include="game_variants\player_rating_params.h">
      <Filter>Header Files</Filter>
    </ClInclude>
    <ClInclude Include="game_variants\player_traits.h">
      <Filter>Header Files</Filter>
    </ClInclude>
    <ClInclude Include="game_variants\tu1_options.h">
      <Filter>Header Files</Filter>
    </ClInclude>
    <ClInclude Include="helpers\bitnumber.h">
      <Filter>Header Files</Filter>
    </ClInclude>
    <ClInclude Include="helpers\bitreader.h">
      <Filter>Header Files</Filter>
    </ClInclude>
    <ClInclude Include="helpers\bitset.h">
      <Filter>Header Files</Filter>
    </ClInclude>
    <ClInclude Include="helpers\bitwise.h">
      <Filter>Header Files</Filter>
    </ClInclude>
    <ClInclude Include="helpers\bitwriter.h">
      <Filter>Header Files</Filter>
    </ClInclude>
    <ClInclude Include="helpers\bytereader.h">
      <Filter>Header Files</Filter>
    </ClInclude>
    <ClInclude Include="helpers\bytewriter.h">
      <Filter>Header Files</Filter>
    </ClInclude>
    <ClInclude Include="helpers\endianness.h">
      <Filter>Header Files</Filter>
    </ClInclude>
    <ClInclude Include="helpers\files.h">
      <Filter>Header Files</Filter>
    </ClInclude>
    <ClInclude Include="helpers\intrusive_windows_defines.h">
      <Filter>Header Files</Filter>
    </ClInclude>
    <ClInclude Include="helpers\polyfills_cpp20.h">
      <Filter>Header Files</Filter>
    </ClInclude>
    <ClInclude Include="helpers\sha1.h">
      <Filter>Header Files</Filter>
    </ClInclude>
    <ClInclude Include="helpers\stream.h">
      <Filter>Header Files</Filter>
    </ClInclude>
    <ClInclude Include="helpers\strings.h">
      <Filter>Header Files</Filter>
    </ClInclude>
    <ClInclude Include="helpers\templating.h">
      <Filter>Header Files</Filter>
    </ClInclude>
    <ClInclude Include="helpers\type_traits.h">
      <Filter>Header Files</Filter>
    </ClInclude>
    <ClInclude Include="editor_state.h">
      <Filter>Header Files</Filter>
    </ClInclude>
    <ClInclude Include="helpers\pointer_to_member.h">
      <Filter>Header Files</Filter>
    </ClInclude>
  </ItemGroup>
</Project>