<?xml version="1.0" encoding="utf-8"?>
<Project ToolsVersion="4.0" xmlns="http://schemas.microsoft.com/developer/msbuild/2003">
  <ItemGroup>
    <Filter Include="Source Files">
      <UniqueIdentifier>{4FC737F1-C7A5-4376-A066-2A32D752A2FF}</UniqueIdentifier>
      <Extensions>cpp;c;cc;cxx;def;odl;idl;hpj;bat;asm;asmx</Extensions>
    </Filter>
    <Filter Include="Header Files">
      <UniqueIdentifier>{93995380-89BD-4b04-88EB-625FBE52EBFB}</UniqueIdentifier>
      <Extensions>h;hh;hpp;hxx;hm;inl;inc;xsd</Extensions>
    </Filter>
    <Filter Include="Resource Files">
      <UniqueIdentifier>{D9D6E242-F8AF-46E4-B9FD-80ECBC20BA3E}</UniqueIdentifier>
      <Extensions>qrc;*</Extensions>
      <ParseFiles>false</ParseFiles>
    </Filter>
    <Filter Include="Form Files">
      <UniqueIdentifier>{99349809-55BA-4b9d-BF79-8FDBB0286EB3}</UniqueIdentifier>
      <Extensions>ui</Extensions>
    </Filter>
    <Filter Include="Resource Files">
      <UniqueIdentifier>{D9D6E242-F8AF-46E4-B9FD-80ECBC20BA3E}</UniqueIdentifier>
      <Extensions>qrc;*</Extensions>
      <ParseFiles>false</ParseFiles>
    </Filter>
  </ItemGroup>
  <ItemGroup>
    <ClCompile Include="main.cpp">
      <Filter>Source Files</Filter>
    </ClCompile>
    <ClCompile Include="formats\block.cpp">
      <Filter>Source Files</Filter>
    </ClCompile>
    <ClCompile Include="formats\content_author.cpp">
      <Filter>Source Files</Filter>
    </ClCompile>
    <ClCompile Include="formats\localized_string_table.cpp">
      <Filter>Source Files</Filter>
    </ClCompile>
    <ClCompile Include="game_variants\base.cpp">
      <Filter>Source Files</Filter>
    </ClCompile>
    <ClCompile Include="helpers\bitwriter.cpp">
      <Filter>Source Files</Filter>
    </ClCompile>
    <ClCompile Include="helpers\bytewriter.cpp">
      <Filter>Source Files</Filter>
    </ClCompile>
    <ClCompile Include="helpers\endianness.cpp">
      <Filter>Source Files</Filter>
    </ClCompile>
    <ClCompile Include="helpers\files.cpp">
      <Filter>Source Files</Filter>
    </ClCompile>
    <ClCompile Include="helpers\sha1.cpp">
      <Filter>Source Files</Filter>
    </ClCompile>
    <ClCompile Include="helpers\stream.cpp">
      <Filter>Source Files</Filter>
    </ClCompile>
    <ClCompile Include="helpers\strings.cpp">
      <Filter>Source Files</Filter>
    </ClCompile>
    <ClCompile Include="services\ini.cpp">
      <Filter>Source Files</Filter>
    </ClCompile>
    <ClCompile Include="game_variants\components\megalo\opcode_arg_types\all_enums.cpp">
      <Filter>Source Files</Filter>
    </ClCompile>
    <ClCompile Include="game_variants\components\megalo\opcode_arg_types\all_flags.cpp">
      <Filter>Source Files</Filter>
    </ClCompile>
    <ClCompile Include="game_variants\components\megalo\opcode_arg_types\waypoint_icon.cpp">
      <Filter>Source Files</Filter>
    </ClCompile>
    <ClCompile Include="game_variants\components\megalo\actions.cpp">
      <Filter>Source Files</Filter>
    </ClCompile>
    <ClCompile Include="game_variants\components\megalo\conditions.cpp">
      <Filter>Source Files</Filter>
    </ClCompile>
    <ClCompile Include="game_variants\components\megalo\forge_label.cpp">
      <Filter>Source Files</Filter>
    </ClCompile>
    <ClCompile Include="game_variants\components\megalo\opcode_arg.cpp">
      <Filter>Source Files</Filter>
    </ClCompile>
    <ClCompile Include="game_variants\components\megalo\trigger.cpp">
      <Filter>Source Files</Filter>
    </ClCompile>
    <ClCompile Include="game_variants\components\megalo\variables_and_scopes.cpp">
      <Filter>Source Files</Filter>
    </ClCompile>
    <ClCompile Include="game_variants\components\loadouts.cpp">
      <Filter>Source Files</Filter>
    </ClCompile>
    <ClCompile Include="game_variants\components\megalo_game_stats.cpp">
      <Filter>Source Files</Filter>
    </ClCompile>
    <ClCompile Include="game_variants\components\megalo_options.cpp">
      <Filter>Source Files</Filter>
    </ClCompile>
    <ClCompile Include="game_variants\components\player_traits.cpp">
      <Filter>Source Files</Filter>
    </ClCompile>
    <ClCompile Include="game_variants\types\multiplayer.cpp">
      <Filter>Source Files</Filter>
    </ClCompile>
    <ClCompile Include="game_variants\components\teams.cpp">
      <Filter>Source Files</Filter>
    </ClCompile>
    <ClCompile Include="helpers\ini.cpp">
      <Filter>Source Files</Filter>
    </ClCompile>
    <ClCompile Include="ui\generic\IconOnlyCombobox.cpp">
      <Filter>Source Files</Filter>
    </ClCompile>
    <ClCompile Include="game_variants\errors.cpp">
      <Filter>Source Files</Filter>
    </ClCompile>
    <ClCompile Include="ui\main_window\page_multiplayer_settings_general.cpp">
      <Filter>Source Files</Filter>
    </ClCompile>
    <ClCompile Include="ui\main_window\page_multiplayer_settings_respawn.cpp">
      <Filter>Source Files</Filter>
    </ClCompile>
    <ClCompile Include="ui\main_window\page_multiplayer_settings_social.cpp">
      <Filter>Source Files</Filter>
    </ClCompile>
    <ClCompile Include="ui\main_window\page_multiplayer_settings_map.cpp">
      <Filter>Source Files</Filter>
    </ClCompile>
    <ClCompile Include="ui\main_window\page_multiplayer_settings_team.cpp">
      <Filter>Source Files</Filter>
    </ClCompile>
    <ClCompile Include="editor_state.cpp">
      <Filter>Source Files</Filter>
    </ClCompile>
    <ClCompile Include="ui\main_window\page_multiplayer_settings_loadout.cpp">
      <Filter>Source Files</Filter>
    </ClCompile>
    <ClCompile Include="ui\main_window\page_player_traits.cpp">
      <Filter>Source Files</Filter>
    </ClCompile>
    <ClCompile Include="ui\main_window\page_multiplayer_title_update_1.cpp">
      <Filter>Source Files</Filter>
    </ClCompile>
    <ClCompile Include="ui\main_window\page_forge_settings_general.cpp">
      <Filter>Source Files</Filter>
    </ClCompile>
    <ClCompile Include="ui\main_window\page_multiplayer_settings_team_specific.cpp">
      <Filter>Source Files</Filter>
    </ClCompile>
    <ClCompile Include="ui\main_window\page_multiplayer_metadata.cpp">
      <Filter>Source Files</Filter>
    </ClCompile>
    <ClCompile Include="ui\main_window\page_multiplayer_settings_scripted.cpp">
      <Filter>Source Files</Filter>
    </ClCompile>
    <ClCompile Include="ui\main_window\page_loadout_palette.cpp">
      <Filter>Source Files</Filter>
    </ClCompile>
    <ClCompile Include="game_variants\components\tu1_options.cpp">
      <Filter>Source Files</Filter>
    </ClCompile>
    <ClCompile Include="ui\widgets\option_toggles.cpp">
      <Filter>Source Files</Filter>
    </ClCompile>
    <ClCompile Include="helpers\memory.cpp">
      <Filter>Source Files</Filter>
    </ClCompile>
    <ClCompile Include="ui\main_window.cpp">
      <Filter>Source Files</Filter>
    </ClCompile>
    <ClCompile Include="ui\options_window.cpp">
      <Filter>Source Files</Filter>
    </ClCompile>
    <ClCompile Include="ui\script_editor.cpp">
      <Filter>Source Files</Filter>
    </ClCompile>
    <ClCompile Include="helpers\steam.cpp">
      <Filter>Source Files</Filter>
    </ClCompile>
    <ClCompile Include="ui\script_editor\page_forge_labels.cpp">
      <Filter>Source Files</Filter>
    </ClCompile>
    <ClCompile Include="ui\widgets\string_picker.cpp">
      <Filter>Source Files</Filter>
    </ClCompile>
    <ClCompile Include="ui\localized_string_editor.cpp">
      <Filter>Source Files</Filter>
    </ClCompile>
    <ClCompile Include="ui\script_editor\page_string_table.cpp">
      <Filter>Source Files</Filter>
    </ClCompile>
    <ClCompile Include="helpers\miscellaneous.cpp">
      <Filter>Source Files</Filter>
    </ClCompile>
    <ClCompile Include="ui\script_editor\page_script_options.cpp">
      <Filter>Source Files</Filter>
    </ClCompile>
    <ClCompile Include="ui\script_editor\page_script_traits.cpp">
      <Filter>Source Files</Filter>
    </ClCompile>
    <ClCompile Include="helpers\qt\tree_widget.cpp">
      <Filter>Source Files</Filter>
    </ClCompile>
    <ClCompile Include="ui\script_editor\page_script_stats.cpp">
      <Filter>Source Files</Filter>
    </ClCompile>
    <ClCompile Include="game_variants\components\megalo\opcode_arg_types\widget_related.cpp">
      <Filter>Source Files</Filter>
    </ClCompile>
    <ClCompile Include="ui\script_editor\page_script_widgets.cpp">
      <Filter>Source Files</Filter>
    </ClCompile>
    <ClCompile Include="ui\generic\ImageStackWidget.cpp">
      <Filter>Source Files</Filter>
    </ClCompile>
    <ClCompile Include="ui\script_editor\page_player_rating_params.cpp">
      <Filter>Source Files</Filter>
    </ClCompile>
    <ClCompile Include="ui\script_editor\page_metadata_strings.cpp">
      <Filter>Source Files</Filter>
    </ClCompile>
    <ClCompile Include="ui\script_editor\page_map_perms.cpp">
      <Filter>Source Files</Filter>
    </ClCompile>
    <ClCompile Include="game_variants\components\megalo\decompiler\decompiler.cpp">
      <Filter>Source Files</Filter>
    </ClCompile>
    <ClCompile Include="ui\script_editor\page_script_code.cpp">
      <Filter>Source Files</Filter>
    </ClCompile>
    <ClCompile Include="ui\widgets\GametypeIconCombobox.cpp">
      <Filter>Source Files</Filter>
    </ClCompile>
    <ClCompile Include="ui\widgets\LoadoutForm.cpp">
      <Filter>Source Files</Filter>
    </ClCompile>
    <ClCompile Include="game_variants\components\megalo\opcode.cpp">
      <Filter>Source Files</Filter>
    </ClCompile>
    <ClCompile Include="game_variants\components\megalo\opcode_arg_types\vector3.cpp">
      <Filter>Source Files</Filter>
    </ClCompile>
    <ClCompile Include="game_variants\components\megalo\opcode_arg_types\forge_label.cpp">
      <Filter>Source Files</Filter>
    </ClCompile>
    <ClCompile Include="game_variants\components\megalo\opcode_arg_types\player_traits.cpp">
      <Filter>Source Files</Filter>
    </ClCompile>
    <ClCompile Include="game_variants\components\megalo\opcode_arg_types\shape.cpp">
      <Filter>Source Files</Filter>
    </ClCompile>
    <ClCompile Include="game_variants\components\megalo\opcode_arg_types\all_constants.cpp">
      <Filter>Source Files</Filter>
    </ClCompile>
    <ClCompile Include="game_variants\components\megalo\opcode_arg_types\player_set.cpp">
      <Filter>Source Files</Filter>
    </ClCompile>
    <ClCompile Include="game_variants\components\megalo\opcode_arg_types\format_string.cpp">
      <Filter>Source Files</Filter>
    </ClCompile>
    <ClCompile Include="helpers\int128.cpp">
      <Filter>Source Files</Filter>
    </ClCompile>
    <ClCompile Include="game_variants\components\megalo\opcode_arg_types\variables\base.cpp">
      <Filter>Source Files</Filter>
    </ClCompile>
    <ClCompile Include="game_variants\components\megalo\opcode_arg_types\variables\player.cpp">
      <Filter>Source Files</Filter>
    </ClCompile>
    <ClCompile Include="game_variants\components\megalo\opcode_arg_types\variables\number.cpp">
      <Filter>Source Files</Filter>
    </ClCompile>
    <ClCompile Include="game_variants\components\megalo\opcode_arg_types\variables\object.cpp">
      <Filter>Source Files</Filter>
    </ClCompile>
    <ClCompile Include="game_variants\components\megalo\opcode_arg_types\variables\team.cpp">
      <Filter>Source Files</Filter>
    </ClCompile>
    <ClCompile Include="game_variants\components\megalo\opcode_arg_types\variables\timer.cpp">
      <Filter>Source Files</Filter>
    </ClCompile>
    <ClCompile Include="game_variants\components\megalo\opcode_arg_types\variables\player_or_group.cpp">
      <Filter>Source Files</Filter>
    </ClCompile>
    <ClCompile Include="game_variants\components\megalo\opcode_arg_types\variables\any_variable.cpp">
      <Filter>Source Files</Filter>
    </ClCompile>
    <ClCompile Include="formats\detailed_enum.cpp">
      <Filter>Source Files</Filter>
    </ClCompile>
    <ClCompile Include="formats\detailed_flags.cpp">
      <Filter>Source Files</Filter>
    </ClCompile>
    <ClCompile Include="game_variants\components\megalo\opcode_arg_types\sound.cpp">
      <Filter>Source Files</Filter>
    </ClCompile>
    <ClCompile Include="game_variants\components\megalo\opcode_arg_types\incident.cpp">
      <Filter>Source Files</Filter>
    </ClCompile>
    <ClCompile Include="game_variants\components\megalo\opcode_arg_types\variant_string_id.cpp">
      <Filter>Source Files</Filter>
    </ClCompile>
    <ClCompile Include="game_variants\components\megalo\opcode_arg_types\object_type.cpp">
      <Filter>Source Files</Filter>
    </ClCompile>
    <ClCompile Include="game_variants\components\megalo\opcode_arg_types\all_indices.cpp">
      <Filter>Source Files</Filter>
    </ClCompile>
    <ClCompile Include="game_variants\data\object_types.cpp">
      <Filter>Source Files</Filter>
    </ClCompile>
    <ClCompile Include="ui\script_editor\page_req_obj_types.cpp">
      <Filter>Source Files</Filter>
    </ClCompile>
    <ClCompile Include="game_variants\components\megalo\compiler\namespaces.cpp">
      <Filter>Source Files</Filter>
    </ClCompile>
    <ClCompile Include="game_variants\components\megalo\compiler\compiler.cpp">
      <Filter>Source Files</Filter>
    </ClCompile>
    <ClCompile Include="helpers\qt\string.cpp">
      <Filter>Source Files</Filter>
    </ClCompile>
    <ClCompile Include="ui\generic\AllocationMeter.cpp">
      <Filter>Source Files</Filter>
    </ClCompile>
    <ClCompile Include="ui\script_editor\bottom_bar.cpp">
      <Filter>Source Files</Filter>
    </ClCompile>
    <ClCompile Include="game_variants\components\megalo\compiler\parsing\base.cpp">
      <Filter>Source Files</Filter>
    </ClCompile>
    <ClCompile Include="game_variants\components\megalo\compiler\parsing\alias.cpp">
      <Filter>Source Files</Filter>
    </ClCompile>
    <ClCompile Include="game_variants\components\megalo\compiler\types.cpp">
      <Filter>Source Files</Filter>
    </ClCompile>
    <ClCompile Include="game_variants\components\megalo\compiler\parsing\variable_reference.cpp">
      <Filter>Source Files</Filter>
    </ClCompile>
    <ClCompile Include="game_variants\components\megalo\variable_declarations.cpp">
      <Filter>Source Files</Filter>
    </ClCompile>
    <ClCompile Include="game_variants\components\megalo\opcode_arg_type_registry.cpp">
      <Filter>Source Files</Filter>
    </ClCompile>
    <ClCompile Include="game_variants\components\megalo\opcode_arg_types\specific_variable.cpp">
      <Filter>Source Files</Filter>
    </ClCompile>
    <ClCompile Include="game_variants\components\megalo\opcode_arg_types\icons.cpp">
      <Filter>Source Files</Filter>
    </ClCompile>
    <ClCompile Include="game_variants\components\megalo\opcode_arg_types\timer_rate.cpp">
      <Filter>Source Files</Filter>
    </ClCompile>
    <ClCompile Include="ui\script_editor\compiler_unresolved_strings.cpp">
      <Filter>Source Files</Filter>
    </ClCompile>
    <ClCompile Include="ui\generic\QListWidgetEx.cpp">
      <Filter>Source Files</Filter>
    </ClCompile>
    <ClCompile Include="services\localization_library.cpp">
      <Filter>Source Files</Filter>
    </ClCompile>
    <ClCompile Include="ui\localized_string_library.cpp">
      <Filter>Source Files</Filter>
    </ClCompile>
    <ClCompile Include="helpers\string_scanner.cpp">
      <Filter>Source Files</Filter>
    </ClCompile>
    <ClCompile Include="game_variants\editor_file_block.cpp">
      <Filter>Source Files</Filter>
    </ClCompile>
    <ClCompile Include="game_variants\io_process.cpp">
      <Filter>Source Files</Filter>
    </ClCompile>
    <ClCompile Include="ui\main_window\debug_helper_functions.cpp">
      <Filter>Source Files</Filter>
    </ClCompile>
    <ClCompile Include="game_variants\components\megalo\compiler\enums.cpp">
      <Filter>Source Files</Filter>
    </ClCompile>
    <ClCompile Include="game_variants\components\megalo\opcode_arg_types\fireteam_list.cpp">
      <Filter>Source Files</Filter>
    </ClCompile>
    <ClCompile Include="helpers\qt\widget.cpp">
      <Filter>Source Files</Filter>
    </ClCompile>
    <ClCompile Include="formats\ugc_header.cpp">
      <Filter>Source Files</Filter>
    </ClCompile>
    <ClCompile Include="game_variants\components\custom_game_options.cpp">
      <Filter>Source Files</Filter>
    </ClCompile>
    <ClCompile Include="game_variants\components\firefight_wave_traits.cpp">
      <Filter>Source Files</Filter>
    </ClCompile>
    <ClCompile Include="game_variants\components\firefight_custom_skull.cpp">
      <Filter>Source Files</Filter>
    </ClCompile>
    <ClCompile Include="game_variants\components\firefight_round.cpp">
      <Filter>Source Files</Filter>
    </ClCompile>
    <ClCompile Include="game_variants\types\firefight.cpp">
      <Filter>Source Files</Filter>
    </ClCompile>
    <ClCompile Include="ui\main_window\page_firefight_metadata.cpp">
      <Filter>Source Files</Filter>
    </ClCompile>
    <ClCompile Include="ui\main_window\page_firefight_scenario.cpp">
      <Filter>Source Files</Filter>
    </ClCompile>
    <ClCompile Include="ui\main_window\page_firefight_lives.cpp">
      <Filter>Source Files</Filter>
    </ClCompile>
    <ClCompile Include="ui\widgets\firefight_squad_type.cpp">
      <Filter>Source Files</Filter>
    </ClCompile>
    <ClCompile Include="ui\widgets\firefight_wave.cpp">
      <Filter>Source Files</Filter>
    </ClCompile>
    <ClCompile Include="ui\widgets\firefight_skull_list.cpp">
      <Filter>Source Files</Filter>
    </ClCompile>
    <ClCompile Include="ui\main_window\page_firefight_round.cpp">
      <Filter>Source Files</Filter>
    </ClCompile>
    <ClCompile Include="ui\main_window\page_firefight_wave_traits.cpp">
      <Filter>Source Files</Filter>
    </ClCompile>
    <ClCompile Include="ui\main_window\page_firefight_bonus_wave.cpp">
      <Filter>Source Files</Filter>
    </ClCompile>
    <ClCompile Include="helpers\qt\ini.cpp">
      <Filter>Source Files</Filter>
    </ClCompile>
    <ClCompile Include="ui\generic\MegaloSyntaxHighlighter.cpp">
      <Filter>Source Files</Filter>
    </ClCompile>
    <ClCompile Include="ui\generic\ColorPickerButton.cpp">
      <Filter>Source Files</Filter>
    </ClCompile>
    <ClCompile Include="ui\options_window\syntax_highlight_option_widget.cpp">
      <Filter>Source Files</Filter>
    </ClCompile>
    <ClCompile Include="services\syntax_highlight_option.cpp">
      <Filter>Source Files</Filter>
    </ClCompile>
    <ClCompile Include="services\RVTThemeEngine.cpp">
      <Filter>Source Files</Filter>
    </ClCompile>
    <ClCompile Include="helpers\qt\color.cpp">
      <Filter>Source Files</Filter>
    </ClCompile>
    <ClCompile Include="helpers\qt\string_scanner.cpp">
      <Filter>Source Files</Filter>
    </ClCompile>
    <ClCompile Include="game_variants\components\megalo\helpers\format_strings.cpp">
      <Filter>Source Files</Filter>
    </ClCompile>
    <ClCompile Include="game_variants\components\megalo\code_block.cpp">
      <Filter>Source Files</Filter>
    </ClCompile>
    <ClCompile Include="game_variants\components\megalo\opcode_arg_types\megalo_scope.cpp">
      <Filter>Source Files</Filter>
    </ClCompile>
    <ClCompile Include="ui\widgets\RoundCardTextPreview.cpp">
      <Filter>Source Files</Filter>
    </ClCompile>
  </ItemGroup>
  <ItemGroup>
    <QtMoc Include="ui\generic\PlayerTraitWidgets.h">
      <Filter>Header Files</Filter>
    </QtMoc>
    <QtMoc Include="ui\generic\IconOnlyCombobox.h">
      <Filter>Header Files</Filter>
    </QtMoc>
    <QtMoc Include="ui\main_window\page_multiplayer_settings_general.h">
      <Filter>Header Files</Filter>
    </QtMoc>
    <QtMoc Include="editor_state.h">
      <Filter>Header Files</Filter>
    </QtMoc>
    <QtMoc Include="ui\main_window\page_multiplayer_settings_respawn.h">
      <Filter>Header Files</Filter>
    </QtMoc>
    <QtMoc Include="ui\main_window\page_multiplayer_settings_social.h">
      <Filter>Header Files</Filter>
    </QtMoc>
    <QtMoc Include="ui\main_window\page_multiplayer_settings_map.h">
      <Filter>Header Files</Filter>
    </QtMoc>
    <QtMoc Include="ui\main_window\page_multiplayer_settings_team.h">
      <Filter>Header Files</Filter>
    </QtMoc>
    <QtMoc Include="ui\main_window\page_multiplayer_settings_loadout.h">
      <Filter>Header Files</Filter>
    </QtMoc>
    <QtMoc Include="ui\main_window\page_player_traits.h">
      <Filter>Header Files</Filter>
    </QtMoc>
    <QtMoc Include="ui\main_window\page_multiplayer_title_update_1.h">
      <Filter>Header Files</Filter>
    </QtMoc>
    <QtMoc Include="ui\main_window\page_forge_settings_general.h">
      <Filter>Header Files</Filter>
    </QtMoc>
    <QtMoc Include="ui\main_window\page_multiplayer_settings_team_specific.h">
      <Filter>Header Files</Filter>
    </QtMoc>
    <QtMoc Include="ui\main_window\page_multiplayer_metadata.h">
      <Filter>Header Files</Filter>
    </QtMoc>
    <QtMoc Include="ui\main_window\page_multiplayer_settings_scripted.h">
      <Filter>Header Files</Filter>
    </QtMoc>
    <QtMoc Include="ui\main_window\page_loadout_palette.h">
      <Filter>Header Files</Filter>
    </QtMoc>
    <QtMoc Include="ui\widgets\option_toggles.h">
      <Filter>Header Files</Filter>
    </QtMoc>
    <QtMoc Include="ui\main_window.h">
      <Filter>Header Files</Filter>
    </QtMoc>
    <QtMoc Include="ui\options_window.h">
      <Filter>Header Files</Filter>
    </QtMoc>
    <QtMoc Include="ui\widgets\const_team_index_combobox.h">
      <Filter>Header Files</Filter>
    </QtMoc>
    <QtMoc Include="ui\widgets\mp_object_type_combobox.h">
      <Filter>Header Files</Filter>
    </QtMoc>
    <QtMoc Include="ui\script_editor.h">
      <Filter>Header Files</Filter>
    </QtMoc>
    <QtMoc Include="ui\script_editor\page_forge_labels.h">
      <Filter>Header Files</Filter>
    </QtMoc>
    <QtMoc Include="ui\script_editor\page_string_table.h">
      <Filter>Header Files</Filter>
    </QtMoc>
    <QtMoc Include="ui\widgets\string_picker.h">
      <Filter>Header Files</Filter>
    </QtMoc>
    <QtMoc Include="ui\localized_string_editor.h">
      <Filter>Header Files</Filter>
    </QtMoc>
    <QtMoc Include="ui\script_editor\page_script_options.h">
      <Filter>Header Files</Filter>
    </QtMoc>
    <QtMoc Include="ui\script_editor\page_script_traits.h">
      <Filter>Header Files</Filter>
    </QtMoc>
    <QtMoc Include="ui\script_editor\page_script_stats.h">
      <Filter>Header Files</Filter>
    </QtMoc>
    <QtMoc Include="ui\script_editor\page_script_widgets.h">
      <Filter>Header Files</Filter>
    </QtMoc>
    <QtMoc Include="ui\generic\ImageStackWidget.h">
      <Filter>Header Files</Filter>
    </QtMoc>
    <QtMoc Include="ui\script_editor\page_player_rating_params.h">
      <Filter>Header Files</Filter>
    </QtMoc>
    <QtMoc Include="ui\script_editor\page_metadata_strings.h">
      <Filter>Header Files</Filter>
    </QtMoc>
    <QtMoc Include="ui\script_editor\page_map_perms.h">
      <Filter>Header Files</Filter>
    </QtMoc>
    <QtMoc Include="ui\script_editor\page_script_code.h">
      <Filter>Header Files</Filter>
    </QtMoc>
    <QtMoc Include="ui\widgets\LoadoutForm.h">
      <Filter>Header Files</Filter>
    </QtMoc>
    <QtMoc Include="ui\script_editor\page_req_obj_types.h">
      <Filter>Header Files</Filter>
    </QtMoc>
    <QtMoc Include="ui\generic\AllocationMeter.h">
      <Filter>Header Files</Filter>
    </QtMoc>
    <QtMoc Include="ui\script_editor\bottom_bar.h">
      <Filter>Header Files</Filter>
    </QtMoc>
    <QtMoc Include="ui\script_editor\compiler_unresolved_strings.h">
      <Filter>Header Files</Filter>
    </QtMoc>
    <QtMoc Include="ui\generic\QListWidgetEx.h">
      <Filter>Header Files</Filter>
    </QtMoc>
    <QtMoc Include="ui\localized_string_library.h">
      <Filter>Header Files</Filter>
    </QtMoc>
    <QtMoc Include="ui\main_window\page_firefight_metadata.h">
      <Filter>Header Files</Filter>
    </QtMoc>
    <QtMoc Include="ui\main_window\page_firefight_scenario.h">
      <Filter>Header Files</Filter>
    </QtMoc>
    <QtMoc Include="ui\main_window\page_firefight_lives.h">
      <Filter>Header Files</Filter>
    </QtMoc>
    <QtMoc Include="ui\widgets\firefight_squad_type.h">
      <Filter>Header Files</Filter>
    </QtMoc>
    <QtMoc Include="ui\widgets\firefight_wave.h">
      <Filter>Header Files</Filter>
    </QtMoc>
    <QtMoc Include="ui\widgets\firefight_skull_list.h">
      <Filter>Header Files</Filter>
    </QtMoc>
    <QtMoc Include="ui\main_window\page_firefight_round.h">
      <Filter>Header Files</Filter>
    </QtMoc>
    <QtMoc Include="ui\main_window\page_firefight_wave_traits.h">
      <Filter>Header Files</Filter>
    </QtMoc>
    <QtMoc Include="ui\main_window\page_firefight_bonus_wave.h">
      <Filter>Header Files</Filter>
    </QtMoc>
    <QtMoc Include="helpers\qt\ini.h">
      <Filter>Header Files</Filter>
    </QtMoc>
    <QtMoc Include="ui\generic\MegaloSyntaxHighlighter.h">
      <Filter>Header Files</Filter>
    </QtMoc>
    <QtMoc Include="ui\options_window\syntax_highlight_option_widget.h">
      <Filter>Header Files</Filter>
    </QtMoc>
    <QtMoc Include="ui\generic\ColorPickerButton.h">
      <Filter>Header Files</Filter>
    </QtMoc>
    <QtMoc Include="services\RVTThemeEngine.h">
      <Filter>Header Files</Filter>
    </QtMoc>
  </ItemGroup>
  <ItemGroup>
    <QtUic Include="ui\main_window\page_multiplayer_settings_general.ui">
      <Filter>Form Files</Filter>
    </QtUic>
    <QtUic Include="ui\main_window\page_multiplayer_settings_respawn.ui">
      <Filter>Form Files</Filter>
    </QtUic>
    <QtUic Include="ui\main_window\page_multiplayer_settings_social.ui">
      <Filter>Form Files</Filter>
    </QtUic>
    <QtUic Include="ui\main_window\page_multiplayer_settings_map.ui">
      <Filter>Form Files</Filter>
    </QtUic>
    <QtUic Include="ui\main_window\page_multiplayer_settings_team.ui">
      <Filter>Form Files</Filter>
    </QtUic>
    <QtUic Include="ui\main_window\page_multiplayer_settings_loadout.ui">
      <Filter>Form Files</Filter>
    </QtUic>
    <QtUic Include="ui\main_window\page_player_traits.ui">
      <Filter>Form Files</Filter>
    </QtUic>
    <QtUic Include="ui\main_window\page_multiplayer_title_update_1.ui">
      <Filter>Form Files</Filter>
    </QtUic>
    <QtUic Include="ui\main_window\page_forge_settings_general.ui">
      <Filter>Form Files</Filter>
    </QtUic>
    <QtUic Include="ui\main_window\page_multiplayer_settings_team_specific.ui">
      <Filter>Form Files</Filter>
    </QtUic>
    <QtUic Include="ui\main_window\page_multiplayer_metadata.ui">
      <Filter>Form Files</Filter>
    </QtUic>
    <QtUic Include="ui\main_window\page_loadout_palette.ui">
      <Filter>Form Files</Filter>
    </QtUic>
    <QtUic Include="ui\main_window.ui">
      <Filter>Form Files</Filter>
    </QtUic>
    <QtUic Include="ui\options_window.ui">
      <Filter>Form Files</Filter>
    </QtUic>
    <QtUic Include="ui\localized_string_editor.ui">
      <Filter>Form Files</Filter>
    </QtUic>
    <QtUic Include="ui\script_editor.ui">
      <Filter>Form Files</Filter>
    </QtUic>
    <QtUic Include="ui\script_editor\page_forge_labels.ui">
      <Filter>Form Files</Filter>
    </QtUic>
    <QtUic Include="ui\script_editor\page_string_table.ui">
      <Filter>Form Files</Filter>
    </QtUic>
    <QtUic Include="ui\script_editor\page_script_options.ui">
      <Filter>Form Files</Filter>
    </QtUic>
    <QtUic Include="ui\script_editor\page_script_traits.ui">
      <Filter>Form Files</Filter>
    </QtUic>
    <QtUic Include="ui\script_editor\page_script_stats.ui">
      <Filter>Form Files</Filter>
    </QtUic>
    <QtUic Include="ui\script_editor\page_script_widgets.ui">
      <Filter>Form Files</Filter>
    </QtUic>
    <QtUic Include="ui\script_editor\page_player_rating_params.ui">
      <Filter>Form Files</Filter>
    </QtUic>
    <QtUic Include="ui\script_editor\page_metadata_strings.ui">
      <Filter>Form Files</Filter>
    </QtUic>
    <QtUic Include="ui\script_editor\page_map_perms.ui">
      <Filter>Form Files</Filter>
    </QtUic>
    <QtUic Include="ui\script_editor\page_script_code.ui">
      <Filter>Form Files</Filter>
    </QtUic>
    <QtUic Include="ui\widgets\LoadoutForm.ui">
      <Filter>Form Files</Filter>
    </QtUic>
    <QtUic Include="ui\script_editor\page_req_obj_types.ui">
      <Filter>Form Files</Filter>
    </QtUic>
    <QtUic Include="ui\script_editor\bottom_bar.ui">
      <Filter>Form Files</Filter>
    </QtUic>
    <QtUic Include="ui\script_editor\compiler_unresolved_strings.ui">
      <Filter>Form Files</Filter>
    </QtUic>
    <QtUic Include="ui\localized_string_library.ui">
      <Filter>Form Files</Filter>
    </QtUic>
    <QtUic Include="ui\main_window\page_firefight_metadata.ui">
      <Filter>Form Files</Filter>
    </QtUic>
    <QtUic Include="ui\main_window\page_firefight_scenario.ui">
      <Filter>Form Files</Filter>
    </QtUic>
    <QtUic Include="ui\main_window\page_firefight_lives.ui">
      <Filter>Form Files</Filter>
    </QtUic>
    <QtUic Include="ui\widgets\firefight_wave.ui">
      <Filter>Form Files</Filter>
    </QtUic>
    <QtUic Include="ui\widgets\firefight_skull_list.ui">
      <Filter>Form Files</Filter>
    </QtUic>
    <QtUic Include="ui\main_window\page_firefight_round.ui">
      <Filter>Form Files</Filter>
    </QtUic>
    <QtUic Include="ui\main_window\page_firefight_wave_traits.ui">
      <Filter>Form Files</Filter>
    </QtUic>
    <QtUic Include="ui\main_window\page_firefight_bonus_wave.ui">
      <Filter>Form Files</Filter>
    </QtUic>
    <QtUic Include="ui\options_window\syntax_highlight_option_widget.ui">
      <Filter>Form Files</Filter>
    </QtUic>
  </ItemGroup>
  <ItemGroup>
    <QtRcc Include="Resources\main_window.qrc">
      <Filter>Resource Files</Filter>
    </QtRcc>
  </ItemGroup>
  <ItemGroup>
    <ResourceCompile Include="ReachVariantTool.rc" />
  </ItemGroup>
  <ItemGroup>
    <ClInclude Include="formats\bitset.h">
      <Filter>Header Files</Filter>
    </ClInclude>
    <ClInclude Include="formats\block.h">
      <Filter>Header Files</Filter>
    </ClInclude>
    <ClInclude Include="formats\compressed_float.h">
      <Filter>Header Files</Filter>
    </ClInclude>
    <ClInclude Include="formats\content_author.h">
      <Filter>Header Files</Filter>
    </ClInclude>
    <ClInclude Include="formats\localized_string_table.h">
      <Filter>Header Files</Filter>
    </ClInclude>
    <ClInclude Include="formats\sha1.h">
      <Filter>Header Files</Filter>
    </ClInclude>
    <ClInclude Include="game_variants\base.h">
      <Filter>Header Files</Filter>
    </ClInclude>
    <ClInclude Include="helpers\bitnumber.h">
      <Filter>Header Files</Filter>
    </ClInclude>
    <ClInclude Include="helpers\bitset.h">
      <Filter>Header Files</Filter>
    </ClInclude>
    <ClInclude Include="helpers\bitwise.h">
      <Filter>Header Files</Filter>
    </ClInclude>
    <ClInclude Include="helpers\bitwriter.h">
      <Filter>Header Files</Filter>
    </ClInclude>
    <ClInclude Include="helpers\bytewriter.h">
      <Filter>Header Files</Filter>
    </ClInclude>
    <ClInclude Include="helpers\endianness.h">
      <Filter>Header Files</Filter>
    </ClInclude>
    <ClInclude Include="helpers\files.h">
      <Filter>Header Files</Filter>
    </ClInclude>
    <ClInclude Include="helpers\intrusive_windows_defines.h">
      <Filter>Header Files</Filter>
    </ClInclude>
    <ClInclude Include="helpers\polyfills_cpp20.h">
      <Filter>Header Files</Filter>
    </ClInclude>
    <ClInclude Include="helpers\sha1.h">
      <Filter>Header Files</Filter>
    </ClInclude>
    <ClInclude Include="helpers\stream.h">
      <Filter>Header Files</Filter>
    </ClInclude>
    <ClInclude Include="helpers\strings.h">
      <Filter>Header Files</Filter>
    </ClInclude>
    <ClInclude Include="helpers\templating.h">
      <Filter>Header Files</Filter>
    </ClInclude>
    <ClInclude Include="helpers\type_traits.h">
      <Filter>Header Files</Filter>
    </ClInclude>
    <ClInclude Include="services\ini.h">
      <Filter>Header Files</Filter>
    </ClInclude>
    <ClInclude Include="ui\generic\QXBLGamertagValidator.h">
      <Filter>Header Files</Filter>
    </ClInclude>
    <ClInclude Include="game_variants\components\megalo\opcode_arg_types\all.h">
      <Filter>Header Files</Filter>
    </ClInclude>
    <ClInclude Include="game_variants\components\megalo\opcode_arg_types\all_constants.h">
      <Filter>Header Files</Filter>
    </ClInclude>
    <ClInclude Include="game_variants\components\megalo\opcode_arg_types\all_enums.h">
      <Filter>Header Files</Filter>
    </ClInclude>
    <ClInclude Include="game_variants\components\megalo\opcode_arg_types\all_flags.h">
      <Filter>Header Files</Filter>
    </ClInclude>
    <ClInclude Include="game_variants\components\megalo\opcode_arg_types\all_indices.h">
      <Filter>Header Files</Filter>
    </ClInclude>
    <ClInclude Include="game_variants\components\megalo\opcode_arg_types\player_set.h">
      <Filter>Header Files</Filter>
    </ClInclude>
    <ClInclude Include="game_variants\components\megalo\opcode_arg_types\shape.h">
      <Filter>Header Files</Filter>
    </ClInclude>
    <ClInclude Include="game_variants\components\megalo\opcode_arg_types\specific_variable.h">
      <Filter>Header Files</Filter>
    </ClInclude>
    <ClInclude Include="game_variants\components\megalo\opcode_arg_types\format_string.h">
      <Filter>Header Files</Filter>
    </ClInclude>
    <ClInclude Include="game_variants\components\megalo\opcode_arg_types\vector3.h">
      <Filter>Header Files</Filter>
    </ClInclude>
    <ClInclude Include="game_variants\components\megalo\opcode_arg_types\waypoint_icon.h">
      <Filter>Header Files</Filter>
    </ClInclude>
    <ClInclude Include="game_variants\components\megalo\opcode_arg_types\widget_related.h">
      <Filter>Header Files</Filter>
    </ClInclude>
    <ClInclude Include="game_variants\components\megalo\actions.h">
      <Filter>Header Files</Filter>
    </ClInclude>
    <ClInclude Include="game_variants\components\megalo\conditions.h">
      <Filter>Header Files</Filter>
    </ClInclude>
    <ClInclude Include="game_variants\components\megalo\forge_label.h">
      <Filter>Header Files</Filter>
    </ClInclude>
    <ClInclude Include="game_variants\components\megalo\limits.h">
      <Filter>Header Files</Filter>
    </ClInclude>
    <ClInclude Include="game_variants\components\megalo\limits_bitnumbers.h">
      <Filter>Header Files</Filter>
    </ClInclude>
    <ClInclude Include="game_variants\components\megalo\opcode_arg.h">
      <Filter>Header Files</Filter>
    </ClInclude>
    <ClInclude Include="game_variants\components\megalo\trigger.h">
      <Filter>Header Files</Filter>
    </ClInclude>
    <ClInclude Include="game_variants\components\megalo\variable_declarations.h">
      <Filter>Header Files</Filter>
    </ClInclude>
    <ClInclude Include="game_variants\components\megalo\variables_and_scopes.h">
      <Filter>Header Files</Filter>
    </ClInclude>
    <ClInclude Include="game_variants\components\megalo\widgets.h">
      <Filter>Header Files</Filter>
    </ClInclude>
    <ClInclude Include="game_variants\components\loadouts.h">
      <Filter>Header Files</Filter>
    </ClInclude>
    <ClInclude Include="game_variants\components\map_permissions.h">
      <Filter>Header Files</Filter>
    </ClInclude>
    <ClInclude Include="game_variants\components\megalo_game_stats.h">
      <Filter>Header Files</Filter>
    </ClInclude>
    <ClInclude Include="game_variants\components\megalo_options.h">
      <Filter>Header Files</Filter>
    </ClInclude>
    <ClInclude Include="game_variants\components\player_rating_params.h">
      <Filter>Header Files</Filter>
    </ClInclude>
    <ClInclude Include="game_variants\components\player_traits.h">
      <Filter>Header Files</Filter>
    </ClInclude>
    <ClInclude Include="game_variants\components\tu1_options.h">
      <Filter>Header Files</Filter>
    </ClInclude>
    <ClInclude Include="game_variants\types\multiplayer.h">
      <Filter>Header Files</Filter>
    </ClInclude>
    <ClInclude Include="game_variants\components\powerups.h">
      <Filter>Header Files</Filter>
    </ClInclude>
    <ClInclude Include="game_variants\components\teams.h">
      <Filter>Header Files</Filter>
    </ClInclude>
    <ClInclude Include="game_variants\errors.h">
      <Filter>Header Files</Filter>
    </ClInclude>
    <ClInclude Include="ui\main_window\widget_macros_setup_start.h">
      <Filter>Header Files</Filter>
    </ClInclude>
    <ClInclude Include="ui\main_window\widget_macros_setup_end.h">
      <Filter>Header Files</Filter>
    </ClInclude>
    <ClInclude Include="ui\main_window\widget_macros_update_start.h">
      <Filter>Header Files</Filter>
    </ClInclude>
    <ClInclude Include="ui\main_window\widget_macros_update_end.h">
      <Filter>Header Files</Filter>
    </ClInclude>
    <ClInclude Include="helpers\memory.h">
      <Filter>Header Files</Filter>
    </ClInclude>
    <ClInclude Include="resource.h">
      <Filter>Header Files</Filter>
    </ClInclude>
    <ClInclude Include="helpers\steam.h">
      <Filter>Header Files</Filter>
    </ClInclude>
    <ClInclude Include="game_variants\components\megalo\opcode_arg_types\forge_label.h">
      <Filter>Header Files</Filter>
    </ClInclude>
    <ClInclude Include="helpers\standalones\unique_pointer.h">
      <Filter>Header Files</Filter>
    </ClInclude>
    <ClInclude Include="helpers\miscellaneous.h">
      <Filter>Header Files</Filter>
    </ClInclude>
    <ClInclude Include="helpers\pointer_list.h">
      <Filter>Header Files</Filter>
    </ClInclude>
    <ClInclude Include="helpers\qt\tree_widget.h">
      <Filter>Header Files</Filter>
    </ClInclude>
    <ClInclude Include="game_variants\components\megalo\opcode_arg_types\player_traits.h">
      <Filter>Header Files</Filter>
    </ClInclude>
    <ClInclude Include="helpers\iterators\pointer_based.h">
      <Filter>Header Files</Filter>
    </ClInclude>
    <ClInclude Include="game_variants\components\megalo\decompiler\decompiler.h">
      <Filter>Header Files</Filter>
    </ClInclude>
    <ClInclude Include="ui\widgets\GametypeIconCombobox.h">
      <Filter>Header Files</Filter>
    </ClInclude>
    <ClInclude Include="game_variants\components\megalo\opcode.h">
      <Filter>Header Files</Filter>
    </ClInclude>
    <ClInclude Include="helpers\int128.h">
      <Filter>Header Files</Filter>
    </ClInclude>
    <ClInclude Include="helpers\bitarray.h">
      <Filter>Header Files</Filter>
    </ClInclude>
    <ClInclude Include="helpers\indexed_list.h">
      <Filter>Header Files</Filter>
    </ClInclude>
    <ClInclude Include="helpers\refcounting.h">
      <Filter>Header Files</Filter>
    </ClInclude>
    <ClInclude Include="game_variants\components\megalo\opcode_arg_types\variables\base.h">
      <Filter>Header Files</Filter>
    </ClInclude>
    <ClInclude Include="game_variants\components\megalo\opcode_arg_types\variables\player.h">
      <Filter>Header Files</Filter>
    </ClInclude>
    <ClInclude Include="game_variants\components\megalo\opcode_arg_types\variables\number.h">
      <Filter>Header Files</Filter>
    </ClInclude>
    <ClInclude Include="game_variants\components\megalo\opcode_arg_types\variables\object.h">
      <Filter>Header Files</Filter>
    </ClInclude>
    <ClInclude Include="game_variants\components\megalo\opcode_arg_types\variables\team.h">
      <Filter>Header Files</Filter>
    </ClInclude>
    <ClInclude Include="game_variants\components\megalo\opcode_arg_types\variables\timer.h">
      <Filter>Header Files</Filter>
    </ClInclude>
    <ClInclude Include="game_variants\components\megalo\opcode_arg_types\variables\player_or_group.h">
      <Filter>Header Files</Filter>
    </ClInclude>
    <ClInclude Include="game_variants\components\megalo\opcode_arg_types\variables\any_variable.h">
      <Filter>Header Files</Filter>
    </ClInclude>
    <ClInclude Include="formats\detailed_flags.h">
      <Filter>Header Files</Filter>
    </ClInclude>
    <ClInclude Include="formats\detailed_enum.h">
      <Filter>Header Files</Filter>
    </ClInclude>
    <ClInclude Include="game_variants\components\megalo\opcode_arg_types\sound.h">
      <Filter>Header Files</Filter>
    </ClInclude>
    <ClInclude Include="game_variants\components\megalo\opcode_arg_types\incident.h">
      <Filter>Header Files</Filter>
    </ClInclude>
    <ClInclude Include="game_variants\components\megalo\opcode_arg_types\variant_string_id.h">
      <Filter>Header Files</Filter>
    </ClInclude>
    <ClInclude Include="game_variants\components\megalo\opcode_arg_types\object_type.h">
      <Filter>Header Files</Filter>
    </ClInclude>
    <ClInclude Include="formats\indexed_lists.h">
      <Filter>Header Files</Filter>
    </ClInclude>
    <ClInclude Include="game_variants\data\object_types.h">
      <Filter>Header Files</Filter>
    </ClInclude>
    <ClInclude Include="game_variants\warnings.h">
      <Filter>Header Files</Filter>
    </ClInclude>
    <ClInclude Include="game_variants\components\megalo\compiler\namespaces.h">
      <Filter>Header Files</Filter>
    </ClInclude>
    <ClInclude Include="game_variants\components\megalo\compiler\types.h">
      <Filter>Header Files</Filter>
    </ClInclude>
    <ClInclude Include="game_variants\components\megalo\compiler\compiler.h">
      <Filter>Header Files</Filter>
    </ClInclude>
    <ClInclude Include="helpers\qt\string.h">
      <Filter>Header Files</Filter>
    </ClInclude>
    <ClInclude Include="game_variants\components\megalo\opcode_arg_types\variables\all_core.h">
      <Filter>Header Files</Filter>
    </ClInclude>
    <ClInclude Include="game_variants\components\megalo\compiler\parsing\base.h">
      <Filter>Header Files</Filter>
    </ClInclude>
    <ClInclude Include="game_variants\components\megalo\compiler\parsing\variable_reference.h">
      <Filter>Header Files</Filter>
    </ClInclude>
    <ClInclude Include="game_variants\components\megalo\compiler\parsing\alias.h">
      <Filter>Header Files</Filter>
    </ClInclude>
    <ClInclude Include="helpers\numeric.h">
      <Filter>Header Files</Filter>
    </ClInclude>
    <ClInclude Include="game_variants\components\megalo\opcode_arg_type_registry.h">
      <Filter>Header Files</Filter>
    </ClInclude>
    <ClInclude Include="game_variants\components\megalo\opcode_arg_types\icons.h">
      <Filter>Header Files</Filter>
    </ClInclude>
    <ClInclude Include="game_variants\components\megalo\opcode_arg_types\timer_rate.h">
      <Filter>Header Files</Filter>
    </ClInclude>
    <ClInclude Include="services\localization_library.h">
      <Filter>Header Files</Filter>
    </ClInclude>
    <ClInclude Include="helpers\string_scanner.h">
      <Filter>Header Files</Filter>
    </ClInclude>
    <ClInclude Include="game_variants\io_process.h">
      <Filter>Header Files</Filter>
    </ClInclude>
    <ClInclude Include="game_variants\editor_file_block.h">
      <Filter>Header Files</Filter>
    </ClInclude>
    <ClInclude Include="ui\main_window\debug_helper_functions.h">
      <Filter>Header Files</Filter>
    </ClInclude>
    <ClInclude Include="game_variants\components\megalo\compiler\enums.h">
      <Filter>Header Files</Filter>
    </ClInclude>
    <ClInclude Include="game_variants\components\megalo\opcode_arg_types\fireteam_list.h">
      <Filter>Header Files</Filter>
    </ClInclude>
    <ClInclude Include="helpers\qt\widget.h">
      <Filter>Header Files</Filter>
    </ClInclude>
    <ClInclude Include="formats\ugc_header.h">
      <Filter>Header Files</Filter>
    </ClInclude>
    <ClInclude Include="game_variants\types\firefight.h">
      <Filter>Header Files</Filter>
    </ClInclude>
    <ClInclude Include="game_variants\components\custom_game_options.h">
      <Filter>Header Files</Filter>
    </ClInclude>
    <ClInclude Include="game_variants\components\firefight_wave_traits.h">
      <Filter>Header Files</Filter>
    </ClInclude>
    <ClInclude Include="game_variants\components\firefight_custom_skull.h">
      <Filter>Header Files</Filter>
    </ClInclude>
    <ClInclude Include="game_variants\components\firefight_round.h">
      <Filter>Header Files</Filter>
    </ClInclude>
    <ClInclude Include="helpers\ini.h">
      <Filter>Header Files</Filter>
    </ClInclude>
    <ClInclude Include="services\syntax_highlight_option.h">
      <Filter>Header Files</Filter>
    </ClInclude>
    <ClInclude Include="helpers\qt\color.h">
      <Filter>Header Files</Filter>
    </ClInclude>
    <ClInclude Include="helpers\qt\string_scanner.h">
      <Filter>Header Files</Filter>
    </ClInclude>
    <ClInclude Include="game_variants\components\megalo\helpers\format_strings.h">
      <Filter>Header Files</Filter>
    </ClInclude>
    <ClInclude Include="game_variants\components\megalo\code_block.h">
      <Filter>Header Files</Filter>
    </ClInclude>
    <ClInclude Include="game_variants\components\megalo\opcode_arg_types\megalo_scope.h">
      <Filter>Header Files</Filter>
    </ClInclude>
    <ClInclude Include="game_variants\components\megalo\compiler\variable_usage_set.h">
      <Filter>Header Files</Filter>
    </ClInclude>
    <ClInclude Include="ui\widgets\RoundCardTextPreview.h">
      <Filter>Header Files</Filter>
    </ClInclude>
  </ItemGroup>
  <ItemGroup>
    <Image Include="ReachVariantTool.ico" />
    <Image Include="Resources\compiler_log\error.png" />
    <Image Include="Resources\compiler_log\fatal.png" />
    <Image Include="Resources\compiler_log\success.png" />
    <Image Include="Resources\compiler_log\warning.png" />
    <Image Include="Resources\gametype_icons\-1.png" />
    <Image Include="Resources\gametype_icons\0.png" />
    <Image Include="Resources\gametype_icons\1.png" />
    <Image Include="Resources\gametype_icons\10.png" />
    <Image Include="Resources\gametype_icons\11.png" />
    <Image Include="Resources\gametype_icons\12.png" />
    <Image Include="Resources\gametype_icons\13.png" />
    <Image Include="Resources\gametype_icons\14.png" />
    <Image Include="Resources\gametype_icons\15.png" />
    <Image Include="Resources\gametype_icons\16.png" />
    <Image Include="Resources\gametype_icons\17.png" />
    <Image Include="Resources\gametype_icons\18.png" />
    <Image Include="Resources\gametype_icons\19.png" />
    <Image Include="Resources\gametype_icons\2.png" />
    <Image Include="Resources\gametype_icons\20.png" />
    <Image Include="Resources\gametype_icons\21.png" />
    <Image Include="Resources\gametype_icons\22.png" />
    <Image Include="Resources\gametype_icons\23.png" />
    <Image Include="Resources\gametype_icons\24.png" />
    <Image Include="Resources\gametype_icons\25.png" />
    <Image Include="Resources\gametype_icons\25_MCC.png" />
    <Image Include="Resources\gametype_icons\26.png" />
    <Image Include="Resources\gametype_icons\27.png" />
    <Image Include="Resources\gametype_icons\28.png" />
    <Image Include="Resources\gametype_icons\29.png" />
    <Image Include="Resources\gametype_icons\3.png" />
    <Image Include="Resources\gametype_icons\30.png" />
    <Image Include="Resources\gametype_icons\4.png" />
    <Image Include="Resources\gametype_icons\5.png" />
    <Image Include="Resources\gametype_icons\6.png" />
    <Image Include="Resources\gametype_icons\7.png" />
    <Image Include="Resources\gametype_icons\8.png" />
    <Image Include="Resources\gametype_icons\9.png" />
    <Image Include="Resources\hud_widget_preview\0.png" />
    <Image Include="Resources\hud_widget_preview\1.png" />
    <Image Include="Resources\hud_widget_preview\10.png" />
    <Image Include="Resources\hud_widget_preview\2.png" />
    <Image Include="Resources\hud_widget_preview\3.png" />
    <Image Include="Resources\hud_widget_preview\4.png" />
    <Image Include="Resources\hud_widget_preview\5.png" />
    <Image Include="Resources\hud_widget_preview\6.png" />
    <Image Include="Resources\hud_widget_preview\7.png" />
    <Image Include="Resources\hud_widget_preview\8.png" />
    <Image Include="Resources\hud_widget_preview\9.png" />
    <Image Include="Resources\hud_widget_preview\base_hud.png" />
    <Image Include="Resources\icon_128px.png" />
  </ItemGroup>
  <ItemGroup>
    <Text Include="README.txt" />
    <Text Include="game_variants\components\megalo\compiler\notes.txt" />
    <Text Include="docs\saving files that exceed file format limits.txt" />
    <Text Include="docs\plans - true else(if) statements.txt" />
    <Text Include="docs\temporary variables.txt" />
    <Text Include="Resources\localized_string_library\campaign.txt" />
    <Text Include="Resources\localized_string_library\generic.txt" />
    <Text Include="Resources\localized_string_library\invasion_slayer.txt" />
    <Text Include="Resources\localized_string_library\items.txt" />
    <Text Include="Resources\localized_string_library\vehicles.txt" />
    <Text Include="Resources\localized_string_library\vip.txt" />
  </ItemGroup>
  <ItemGroup>
    <None Include="Resources\gametype_files\blank_forge.bin" />
    <None Include="Resources\gametype_files\blank_mp.bin" />
    <None Include="Resources\gametype_files\blank_ff.bin" />
    <None Include="game_variants\components\megalo\compiler\parsing\variable_reference_rewrite_2.h.bak" />
    <None Include="game_variants\components\megalo\compiler\parsing\variable_reference_rewrite_2.cpp.bak" />
    <None Include="game_variants\components\megalo\compiler\parsing\variable_reference_rewrite_2.inl.bak" />
    <None Include="docs\working - help docs\script\api\object\actions\face_toward\calculator.js" />
    <None Include="docs\design flaws\README.md" />
    <None Include="docs\design flaws\df001 - representation of megalo references.md" />
    <None Include="docs\design flaws\df002 - mapping between script identifiers and compiled references.md" />
    <None Include="docs\design flaws\df003 - handling of variant string IDs.md" />
  </ItemGroup>
  <ItemGroup>
    <Xml Include="docs\working - help docs\script\api\ns_unnamed\hud_player.xml" />
    <Xml Include="docs\working - help docs\script\api\ns_unnamed\hud_player_team.xml" />
    <Xml Include="docs\working - help docs\script\api\ns_unnamed\hud_target_player_team.xml" />
    <Xml Include="docs\working - help docs\script\api\player\actions\set_round_card_icon.xml" />
    <Xml Include="docs\working - help docs\script\api\player\actions\set_round_card_text.xml" />
    <Xml Include="docs\working - help docs\script\api\player\actions\set_round_card_title.xml" />
    <Xml Include="docs\working - help docs\script\api\player\properties\unknown_09.xml" />
  </ItemGroup>
</Project>