
Microsoft Visual Studio Solution File, Format Version 12.00
# Visual Studio Version 17
VisualStudioVersion = 17.2.32516.85
MinimumVisualStudioVersion = 10.0.40219.1
Project("{8BC9CEB8-8B4A-11D0-8D11-00A0C91BC942}") = "ReachVariantTool", "ReachVariantTool\ReachVariantTool.vcxproj", "{B12702AD-ABFB-343A-A199-8E24837244A3}"
EndProject
Project("{8BC9CEB8-8B4A-11D0-8D11-00A0C91BC942}") = "zlib", "zlib\zlib.vcxproj", "{8415ABA1-0327-40B4-B9EF-8C813969224A}"
EndProject
Project("{8BC9CEB8-8B4A-11D0-8D11-00A0C91BC942}") = "RVTDocRenderer", "RVTDocRenderer\RVTDocRenderer.vcxproj", "{8183C889-C512-425A-9432-E68FC8924031}"
EndProject
Project("{8BC9CEB8-8B4A-11D0-8D11-00A0C91BC942}") = "RVTDocumentationProcessor", "RVTDocumentationProcessor\RVTDocumentationProcessor.vcxproj", "{E4C26566-3AD1-4D16-B906-B689B41C71BB}"
EndProject
Project("{8BC9CEB8-8B4A-11D0-8D11-00A0C91BC942}") = "InnoSetupInstaller", "InnoSetupInstaller\InnoSetupInstaller.vcxproj", "{B3417B6C-27B2-4031-A47C-8EAC3B1837FE}"
EndProject
Global
	GlobalSection(SolutionConfigurationPlatforms) = preSolution
		Debug|x64 = Debug|x64
		Debug|x86 = Debug|x86
		Release|x64 = Release|x64
		Release|x86 = Release|x86
	EndGlobalSection
	GlobalSection(ProjectConfigurationPlatforms) = postSolution
		{B12702AD-ABFB-343A-A199-8E24837244A3}.Debug|x64.ActiveCfg = Debug|x64
		{B12702AD-ABFB-343A-A199-8E24837244A3}.Debug|x64.Build.0 = Debug|x64
		{B12702AD-ABFB-343A-A199-8E24837244A3}.Debug|x86.ActiveCfg = Debug|x64
		{B12702AD-ABFB-343A-A199-8E24837244A3}.Release|x64.ActiveCfg = Release|x64
		{B12702AD-ABFB-343A-A199-8E24837244A3}.Release|x64.Build.0 = Release|x64
		{B12702AD-ABFB-343A-A199-8E24837244A3}.Release|x86.ActiveCfg = Release|x64
		{8415ABA1-0327-40B4-B9EF-8C813969224A}.Debug|x64.ActiveCfg = Debug|x64
		{8415ABA1-0327-40B4-B9EF-8C813969224A}.Debug|x64.Build.0 = Debug|x64
		{8415ABA1-0327-40B4-B9EF-8C813969224A}.Debug|x86.ActiveCfg = Debug|Win32
		{8415ABA1-0327-40B4-B9EF-8C813969224A}.Debug|x86.Build.0 = Debug|Win32
		{8415ABA1-0327-40B4-B9EF-8C813969224A}.Release|x64.ActiveCfg = Release|x64
		{8415ABA1-0327-40B4-B9EF-8C813969224A}.Release|x64.Build.0 = Release|x64
		{8415ABA1-0327-40B4-B9EF-8C813969224A}.Release|x86.ActiveCfg = Release|Win32
		{8415ABA1-0327-40B4-B9EF-8C813969224A}.Release|x86.Build.0 = Release|Win32
		{8183C889-C512-425A-9432-E68FC8924031}.Debug|x64.ActiveCfg = Debug|x64
		{8183C889-C512-425A-9432-E68FC8924031}.Debug|x64.Build.0 = Debug|x64
		{8183C889-C512-425A-9432-E68FC8924031}.Debug|x86.ActiveCfg = Debug|Win32
		{8183C889-C512-425A-9432-E68FC8924031}.Debug|x86.Build.0 = Debug|Win32
		{8183C889-C512-425A-9432-E68FC8924031}.Release|x64.ActiveCfg = Release|x64
		{8183C889-C512-425A-9432-E68FC8924031}.Release|x64.Build.0 = Release|x64
		{8183C889-C512-425A-9432-E68FC8924031}.Release|x86.ActiveCfg = Release|Win32
		{8183C889-C512-425A-9432-E68FC8924031}.Release|x86.Build.0 = Release|Win32
		{E4C26566-3AD1-4D16-B906-B689B41C71BB}.Debug|x64.ActiveCfg = Debug|x64
		{E4C26566-3AD1-4D16-B906-B689B41C71BB}.Debug|x64.Build.0 = Debug|x64
		{E4C26566-3AD1-4D16-B906-B689B41C71BB}.Debug|x86.ActiveCfg = Debug|x64
		{E4C26566-3AD1-4D16-B906-B689B41C71BB}.Release|x64.ActiveCfg = Release|x64
		{E4C26566-3AD1-4D16-B906-B689B41C71BB}.Release|x64.Build.0 = Release|x64
		{E4C26566-3AD1-4D16-B906-B689B41C71BB}.Release|x86.ActiveCfg = Release|x64
		{B3417B6C-27B2-4031-A47C-8EAC3B1837FE}.Debug|x64.ActiveCfg = Debug|x64
		{B3417B6C-27B2-4031-A47C-8EAC3B1837FE}.Debug|x64.Build.0 = Debug|x64
		{B3417B6C-27B2-4031-A47C-8EAC3B1837FE}.Debug|x86.ActiveCfg = Debug|Win32
		{B3417B6C-27B2-4031-A47C-8EAC3B1837FE}.Debug|x86.Build.0 = Debug|Win32
		{B3417B6C-27B2-4031-A47C-8EAC3B1837FE}.Release|x64.ActiveCfg = Release|x64
		{B3417B6C-27B2-4031-A47C-8EAC3B1837FE}.Release|x64.Build.0 = Release|x64
		{B3417B6C-27B2-4031-A47C-8EAC3B1837FE}.Release|x86.ActiveCfg = Release|Win32
		{B3417B6C-27B2-4031-A47C-8EAC3B1837FE}.Release|x86.Build.0 = Release|Win32
	EndGlobalSection
	GlobalSection(SolutionProperties) = preSolution
		HideSolutionNode = FALSE
	EndGlobalSection
	GlobalSection(ExtensibilityGlobals) = postSolution
		SolutionGuid = {242193A1-E07B-4FC5-A690-CE684559C901}
		Qt5Version = 5.12.5 MSVC2017 x64
	EndGlobalSection
EndGlobal
